
Microsoft Visual Studio Solution File, Format Version 12.00
# Visual Studio Version 16
VisualStudioVersion = 16.0.30804.86
MinimumVisualStudioVersion = 10.0.40219.1
Project("{9A19103F-16F7-4668-BE54-9A1E7A4F7556}") = "SmartSchool.API", "SmartSchool.API\SmartSchool.API.csproj", "{68EC3C22-4A33-4917-8C33-D8DC6CB7B210}"
EndProject
Global
	GlobalSection(SolutionConfigurationPlatforms) = preSolution
		Debug|Any CPU = Debug|Any CPU
		Release|Any CPU = Release|Any CPU
	EndGlobalSection
	GlobalSection(ProjectConfigurationPlatforms) = postSolution
		{68EC3C22-4A33-4917-8C33-D8DC6CB7B210}.Debug|Any CPU.ActiveCfg = Debug|Any CPU
		{68EC3C22-4A33-4917-8C33-D8DC6CB7B210}.Debug|Any CPU.Build.0 = Debug|Any CPU
		{68EC3C22-4A33-4917-8C33-D8DC6CB7B210}.Release|Any CPU.ActiveCfg = Release|Any CPU
		{68EC3C22-4A33-4917-8C33-D8DC6CB7B210}.Release|Any CPU.Build.0 = Release|Any CPU
	EndGlobalSection
	GlobalSection(SolutionProperties) = preSolution
		HideSolutionNode = FALSE
	EndGlobalSection
	GlobalSection(ExtensibilityGlobals) = postSolution
		SolutionGuid = {52A38E8C-BCE4-4737-9A97-9031E3D3C081}
	EndGlobalSection
EndGlobal
